// !$*UTF8*$!
{
	archiveVersion = 1;
	classes = {
	};
	objectVersion = 56;
	objects = {

/* Begin PBXBuildFile section */
		2A000001294F4E3B00000001 /* ClaudeAgentHubApp.swift in Sources */ = {isa = PBXBuildFile; fileRef = 2A000000294F4E3B00000001 /* ClaudeAgentHubApp.swift */; };
		2A000003294F4E3B00000001 /* ContentView.swift in Sources */ = {isa = PBXBuildFile; fileRef = 2A000002294F4E3B00000001 /* ContentView.swift */; };
		2A000005294F4E3C00000001 /* Assets.xcassets in Resources */ = {isa = PBXBuildFile; fileRef = 2A000004294F4E3C00000001 /* Assets.xcassets */; };
		2A000008294F4E3C00000001 /* Preview Assets.xcassets in Resources */ = {isa = PBXBuildFile; fileRef = 2A000007294F4E3C00000001 /* Preview Assets.xcassets */; };
		2A00000A294F4E4000000001 /* Agent.swift in Sources */ = {isa = PBXBuildFile; fileRef = 2A000009294F4E4000000001 /* Agent.swift */; };
		2A00000C294F4E4000000001 /* ChatMessage.swift in Sources */ = {isa = PBXBuildFile; fileRef = 2A00000B294F4E4000000001 /* ChatMessage.swift */; };
		2A00000E294F4E4000000001 /* Project.swift in Sources */ = {isa = PBXBuildFile; fileRef = 2A00000D294F4E4000000001 /* Project.swift */; };
		2A000010294F4E4000000001 /* AppSettings.swift in Sources */ = {isa = PBXBuildFile; fileRef = 2A00000F294F4E4000000001 /* AppSettings.swift */; };
		2A000012294F4E4100000001 /* APIService.swift in Sources */ = {isa = PBXBuildFile; fileRef = 2A000011294F4E4100000001 /* APIService.swift */; };
		2A000014294F4E4100000001 /* ClaudeStreamingService.swift in Sources */ = {isa = PBXBuildFile; fileRef = 2A000013294F4E4100000001 /* ClaudeStreamingService.swift */; };
		2A000016294F4E4100000001 /* HistoryService.swift in Sources */ = {isa = PBXBuildFile; fileRef = 2A000015294F4E4100000001 /* HistoryService.swift */; };
		2A000018294F4E4200000001 /* AgentHubViewModel.swift in Sources */ = {isa = PBXBuildFile; fileRef = 2A000017294F4E4200000001 /* AgentHubViewModel.swift */; };
		2A00001A294F4E4200000001 /* ChatViewModel.swift in Sources */ = {isa = PBXBuildFile; fileRef = 2A000019294F4E4200000001 /* ChatViewModel.swift */; };
		2A00001C294F4E4200000001 /* SettingsViewModel.swift in Sources */ = {isa = PBXBuildFile; fileRef = 2A00001B294F4E4200000001 /* SettingsViewModel.swift */; };
		2A00001E294F4E4300000001 /* AgentHubView.swift in Sources */ = {isa = PBXBuildFile; fileRef = 2A00001D294F4E4300000001 /* AgentHubView.swift */; };
		2A000020294F4E4300000001 /* ChatView.swift in Sources */ = {isa = PBXBuildFile; fileRef = 2A00001F294F4E4300000001 /* ChatView.swift */; };
		2A000022294F4E4300000001 /* ProjectSelectorView.swift in Sources */ = {isa = PBXBuildFile; fileRef = 2A000021294F4E4300000001 /* ProjectSelectorView.swift */; };
		2A000024294F4E4300000001 /* SettingsView.swift in Sources */ = {isa = PBXBuildFile; fileRef = 2A000023294F4E4300000001 /* SettingsView.swift */; };
		2A000026294F4E4400000001 /* MessageBubbleView.swift in Sources */ = {isa = PBXBuildFile; fileRef = 2A000025294F4E4400000001 /* MessageBubbleView.swift */; };
		2A000028294F4E4400000001 /* AgentCardView.swift in Sources */ = {isa = PBXBuildFile; fileRef = 2A000027294F4E4400000001 /* AgentCardView.swift */; };
		2A00002A294F4E4400000001 /* ExecutionPlanView.swift in Sources */ = {isa = PBXBuildFile; fileRef = 2A000029294F4E4400000001 /* ExecutionPlanView.swift */; };
		2A00002C294F4E4500000001 /* Constants.swift in Sources */ = {isa = PBXBuildFile; fileRef = 2A00002B294F4E4500000001 /* Constants.swift */; };
		2A00002E294F4E4500000001 /* Extensions.swift in Sources */ = {isa = PBXBuildFile; fileRef = 2A00002D294F4E4500000001 /* Extensions.swift */; };
/* End PBXBuildFile section */

/* Begin PBXFileReference section */
		2A000000294F4E3B00000001 /* ClaudeAgentHubApp.swift */ = {isa = PBXFileReference; lastKnownFileType = sourcecode.swift; path = ClaudeAgentHubApp.swift; sourceTree = "<group>"; };
		2A000002294F4E3B00000001 /* ContentView.swift */ = {isa = PBXFileReference; lastKnownFileType = sourcecode.swift; path = ContentView.swift; sourceTree = "<group>"; };
		2A000004294F4E3C00000001 /* Assets.xcassets */ = {isa = PBXFileReference; lastKnownFileType = folder.assetcatalog; path = Assets.xcassets; sourceTree = "<group>"; };
		2A000006294F4E3C00000001 /* ClaudeAgentHub.entitlements */ = {isa = PBXFileReference; lastKnownFileType = text.plist.entitlements; path = ClaudeAgentHub.entitlements; sourceTree = "<group>"; };
		2A000007294F4E3C00000001 /* Preview Assets.xcassets */ = {isa = PBXFileReference; lastKnownFileType = folder.assetcatalog; path = "Preview Assets.xcassets"; sourceTree = "<group>"; };
		2A000009294F4E4000000001 /* Agent.swift */ = {isa = PBXFileReference; lastKnownFileType = sourcecode.swift; path = Agent.swift; sourceTree = "<group>"; };
		2A00000B294F4E4000000001 /* ChatMessage.swift */ = {isa = PBXFileReference; lastKnownFileType = sourcecode.swift; path = ChatMessage.swift; sourceTree = "<group>"; };
		2A00000D294F4E4000000001 /* Project.swift */ = {isa = PBXFileReference; lastKnownFileType = sourcecode.swift; path = Project.swift; sourceTree = "<group>"; };
		2A00000F294F4E4000000001 /* AppSettings.swift */ = {isa = PBXFileReference; lastKnownFileType = sourcecode.swift; path = AppSettings.swift; sourceTree = "<group>"; };
		2A000011294F4E4100000001 /* APIService.swift */ = {isa = PBXFileReference; lastKnownFileType = sourcecode.swift; path = APIService.swift; sourceTree = "<group>"; };
		2A000013294F4E4100000001 /* ClaudeStreamingService.swift */ = {isa = PBXFileReference; lastKnownFileType = sourcecode.swift; path = ClaudeStreamingService.swift; sourceTree = "<group>"; };
		2A000015294F4E4100000001 /* HistoryService.swift */ = {isa = PBXFileReference; lastKnownFileType = sourcecode.swift; path = HistoryService.swift; sourceTree = "<group>"; };
		2A000017294F4E4200000001 /* AgentHubViewModel.swift */ = {isa = PBXFileReference; lastKnownFileType = sourcecode.swift; path = AgentHubViewModel.swift; sourceTree = "<group>"; };
		2A000019294F4E4200000001 /* ChatViewModel.swift */ = {isa = PBXFileReference; lastKnownFileType = sourcecode.swift; path = ChatViewModel.swift; sourceTree = "<group>"; };
		2A00001B294F4E4200000001 /* SettingsViewModel.swift */ = {isa = PBXFileReference; lastKnownFileType = sourcecode.swift; path = SettingsViewModel.swift; sourceTree = "<group>"; };
		2A00001D294F4E4300000001 /* AgentHubView.swift */ = {isa = PBXFileReference; lastKnownFileType = sourcecode.swift; path = AgentHubView.swift; sourceTree = "<group>"; };
		2A00001F294F4E4300000001 /* ChatView.swift */ = {isa = PBXFileReference; lastKnownFileType = sourcecode.swift; path = ChatView.swift; sourceTree = "<group>"; };
		2A000021294F4E4300000001 /* ProjectSelectorView.swift */ = {isa = PBXFileReference; lastKnownFileType = sourcecode.swift; path = ProjectSelectorView.swift; sourceTree = "<group>"; };
		2A000023294F4E4300000001 /* SettingsView.swift */ = {isa = PBXFileReference; lastKnownFileType = sourcecode.swift; path = SettingsView.swift; sourceTree = "<group>"; };
		2A000025294F4E4400000001 /* MessageBubbleView.swift */ = {isa = PBXFileReference; lastKnownFileType = sourcecode.swift; path = MessageBubbleView.swift; sourceTree = "<group>"; };
		2A000027294F4E4400000001 /* AgentCardView.swift */ = {isa = PBXFileReference; lastKnownFileType = sourcecode.swift; path = AgentCardView.swift; sourceTree = "<group>"; };
		2A000029294F4E4400000001 /* ExecutionPlanView.swift */ = {isa = PBXFileReference; lastKnownFileType = sourcecode.swift; path = ExecutionPlanView.swift; sourceTree = "<group>"; };
		2A00002B294F4E4500000001 /* Constants.swift */ = {isa = PBXFileReference; lastKnownFileType = sourcecode.swift; path = Constants.swift; sourceTree = "<group>"; };
		2A00002D294F4E4500000001 /* Extensions.swift */ = {isa = PBXFileReference; lastKnownFileType = sourcecode.swift; path = Extensions.swift; sourceTree = "<group>"; };
		2AFFFFFE294F4E3B00000001 /* ClaudeAgentHub.app */ = {isa = PBXFileReference; explicitFileType = wrapper.application; includeInIndex = 0; path = ClaudeAgentHub.app; sourceTree = BUILT_PRODUCTS_DIR; };
/* End PBXFileReference section */

/* Begin PBXFrameworksBuildPhase section */
		2AFFFFFB294F4E3B00000001 /* Frameworks */ = {
			isa = PBXFrameworksBuildPhase;
			buildActionMask = 2147483647;
			files = (
			);
			runOnlyForDeploymentPostprocessing = 0;
		};
/* End PBXFrameworksBuildPhase section */

/* Begin PBXGroup section */
		2A000000294F4E3B00000002 /* ClaudeAgentHub */ = {
			isa = PBXGroup;
			children = (
				2A000000294F4E3B00000001 /* ClaudeAgentHubApp.swift */,
				2A000030294F4E4600000001 /* Models */,
				2A000031294F4E4600000001 /* ViewModels */,
				2A000032294F4E4600000001 /* Views */,
				2A000033294F4E4600000001 /* Services */,
				2A000034294F4E4600000001 /* Utils */,
				2A000004294F4E3C00000001 /* Assets.xcassets */,
				2A000006294F4E3C00000001 /* ClaudeAgentHub.entitlements */,
				2A000035294F4E4600000001 /* Preview Content */,
			);
			path = ClaudeAgentHub;
			sourceTree = "<group>";
		};
		2A000030294F4E4600000001 /* Models */ = {
			isa = PBXGroup;
			children = (
				2A000009294F4E4000000001 /* Agent.swift */,
				2A00000B294F4E4000000001 /* ChatMessage.swift */,
				2A00000D294F4E4000000001 /* Project.swift */,
				2A00000F294F4E4000000001 /* AppSettings.swift */,
			);
			path = Models;
			sourceTree = "<group>";
		};
		2A000031294F4E4600000001 /* ViewModels */ = {
			isa = PBXGroup;
			children = (
				2A000017294F4E4200000001 /* AgentHubViewModel.swift */,
				2A000019294F4E4200000001 /* ChatViewModel.swift */,
				2A00001B294F4E4200000001 /* SettingsViewModel.swift */,
			);
			path = ViewModels;
			sourceTree = "<group>";
		};
		2A000032294F4E4600000001 /* Views */ = {
			isa = PBXGroup;
			children = (
				2A000002294F4E3B00000001 /* ContentView.swift */,
				2A00001D294F4E4300000001 /* AgentHubView.swift */,
				2A00001F294F4E4300000001 /* ChatView.swift */,
				2A000021294F4E4300000001 /* ProjectSelectorView.swift */,
				2A000023294F4E4300000001 /* SettingsView.swift */,
				2A000036294F4E4600000001 /* Components */,
			);
			path = Views;
			sourceTree = "<group>";
		};
		2A000033294F4E4600000001 /* Services */ = {
			isa = PBXGroup;
			children = (
				2A000011294F4E4100000001 /* APIService.swift */,
				2A000013294F4E4100000001 /* ClaudeStreamingService.swift */,
				2A000015294F4E4100000001 /* HistoryService.swift */,
			);
			path = Services;
			sourceTree = "<group>";
		};
		2A000034294F4E4600000001 /* Utils */ = {
			isa = PBXGroup;
			children = (
				2A00002B294F4E4500000001 /* Constants.swift */,
				2A00002D294F4E4500000001 /* Extensions.swift */,
			);
			path = Utils;
			sourceTree = "<group>";
		};
		2A000035294F4E4600000001 /* Preview Content */ = {
			isa = PBXGroup;
			children = (
				2A000007294F4E3C00000001 /* Preview Assets.xcassets */,
			);
			path = "Preview Content";
			sourceTree = "<group>";
		};
		2A000036294F4E4600000001 /* Components */ = {
			isa = PBXGroup;
			children = (
				2A000025294F4E4400000001 /* MessageBubbleView.swift */,
				2A000027294F4E4400000001 /* AgentCardView.swift */,
				2A000029294F4E4400000001 /* ExecutionPlanView.swift */,
			);
			path = Components;
			sourceTree = "<group>";
		};
		2AFFFFF5294F4E3B00000001 = {
			isa = PBXGroup;
			children = (
				2A000000294F4E3B00000002 /* ClaudeAgentHub */,
				2AFFFFFF294F4E3B00000001 /* Products */,
			);
			sourceTree = "<group>";
		};
		2AFFFFFF294F4E3B00000001 /* Products */ = {
			isa = PBXGroup;
			children = (
				2AFFFFFE294F4E3B00000001 /* ClaudeAgentHub.app */,
			);
			name = Products;
			sourceTree = "<group>";
		};
/* End PBXGroup section */

/* Begin PBXNativeTarget section */
		2AFFFFFD294F4E3B00000001 /* ClaudeAgentHub */ = {
			isa = PBXNativeTarget;
			buildConfigurationList = 2A00000C294F4E3C00000002 /* Build configuration list for PBXNativeTarget "ClaudeAgentHub" */;
			buildPhases = (
				2AFFFFFA294F4E3B00000001 /* Sources */,
				2AFFFFFB294F4E3B00000001 /* Frameworks */,
				2AFFFFFC294F4E3B00000001 /* Resources */,
			);
			buildRules = (
			);
			dependencies = (
			);
			name = ClaudeAgentHub;
			productName = ClaudeAgentHub;
			productReference = 2AFFFFFE294F4E3B00000001 /* ClaudeAgentHub.app */;
			productType = "com.apple.product-type.application";
		};
/* End PBXNativeTarget section */

/* Begin PBXProject section */
		2AFFFFF6294F4E3B00000001 /* Project object */ = {
			isa = PBXProject;
			attributes = {
				BuildIndependentTargetsInParallel = 1;
				LastSwiftUpdateCheck = 1540;
				LastUpgradeCheck = 1540;
				TargetAttributes = {
					2AFFFFFD294F4E3B00000001 = {
						CreatedOnToolsVersion = 15.4;
					};
				};
			};
			buildConfigurationList = 2AFFFFF9294F4E3B00000001 /* Build configuration list for PBXProject "ClaudeAgentHub" */;
			compatibilityVersion = "Xcode 14.0";
			developmentRegion = en;
			hasScannedForEncodings = 0;
			knownRegions = (
				en,
				Base,
			);
			mainGroup = 2AFFFFF5294F4E3B00000001;
			productRefGroup = 2AFFFFFF294F4E3B00000001 /* Products */;
			projectDirPath = "";
			projectRoot = "";
			targets = (
				2AFFFFFD294F4E3B00000001 /* ClaudeAgentHub */,
			);
		};
/* End PBXProject section */

/* Begin PBXResourcesBuildPhase section */
		2AFFFFFC294F4E3B00000001 /* Resources */ = {
			isa = PBXResourcesBuildPhase;
			buildActionMask = 2147483647;
			files = (
				2A000008294F4E3C00000001 /* Preview Assets.xcassets in Resources */,
				2A000005294F4E3C00000001 /* Assets.xcassets in Resources */,
			);
			runOnlyForDeploymentPostprocessing = 0;
		};
/* End PBXResourcesBuildPhase section */

/* Begin PBXSourcesBuildPhase section */
		2AFFFFFA294F4E3B00000001 /* Sources */ = {
			isa = PBXSourcesBuildPhase;
			buildActionMask = 2147483647;
			files = (
				2A000003294F4E3B00000001 /* ContentView.swift in Sources */,
				2A000001294F4E3B00000001 /* ClaudeAgentHubApp.swift in Sources */,
				2A00000A294F4E4000000001 /* Agent.swift in Sources */,
				2A00000C294F4E4000000001 /* ChatMessage.swift in Sources */,
				2A00000E294F4E4000000001 /* Project.swift in Sources */,
				2A000010294F4E4000000001 /* AppSettings.swift in Sources */,
				2A000012294F4E4100000001 /* APIService.swift in Sources */,
				2A000014294F4E4100000001 /* ClaudeStreamingService.swift in Sources */,
				2A000016294F4E4100000001 /* HistoryService.swift in Sources */,
				2A000018294F4E4200000001 /* AgentHubViewModel.swift in Sources */,
				2A00001A294F4E4200000001 /* ChatViewModel.swift in Sources */,
				2A00001C294F4E4200000001 /* SettingsViewModel.swift in Sources */,
				2A00001E294F4E4300000001 /* AgentHubView.swift in Sources */,
				2A000020294F4E4300000001 /* ChatView.swift in Sources */,
				2A000022294F4E4300000001 /* ProjectSelectorView.swift in Sources */,
				2A000024294F4E4300000001 /* SettingsView.swift in Sources */,
				2A000026294F4E4400000001 /* MessageBubbleView.swift in Sources */,
				2A000028294F4E4400000001 /* AgentCardView.swift in Sources */,
				2A00002A294F4E4400000001 /* ExecutionPlanView.swift in Sources */,
				2A00002C294F4E4500000001 /* Constants.swift in Sources */,
				2A00002E294F4E4500000001 /* Extensions.swift in Sources */,
			);
			runOnlyForDeploymentPostprocessing = 0;
		};
/* End PBXSourcesBuildPhase section */

/* Begin XCBuildConfiguration section */
		2A00000A294F4E3C00000001 /* Debug */ = {
			isa = XCBuildConfiguration;
			buildSettings = {
				ALWAYS_SEARCH_USER_PATHS = NO;
				ASSETCATALOG_COMPILER_GENERATE_SWIFT_ASSET_SYMBOL_EXTENSIONS = YES;
				CLANG_ANALYZER_NONNULL = YES;
				CLANG_ANALYZER_NUMBER_OBJECT_CONVERSION = YES_AGGRESSIVE;
				CLANG_CXX_LANGUAGE_STANDARD = "gnu++20";
				CLANG_ENABLE_MODULES = YES;
				CLANG_ENABLE_OBJC_ARC = YES;
				CLANG_ENABLE_OBJC_WEAK = YES;
				CLANG_WARN_BLOCK_CAPTURE_AUTORELEASING = YES;
				CLANG_WARN_BOOL_CONVERSION = YES;
				CLANG_WARN_COMMA = YES;
				CLANG_WARN_CONSTANT_CONVERSION = YES;
				CLANG_WARN_DEPRECATED_OBJC_IMPLEMENTATIONS = YES;
				CLANG_WARN_DIRECT_OBJC_ISA_USAGE = YES_ERROR;
				CLANG_WARN_DOCUMENTATION_COMMENTS = YES;
				CLANG_WARN_EMPTY_BODY = YES;
				CLANG_WARN_ENUM_CONVERSION = YES;
				CLANG_WARN_INFINITE_RECURSION = YES;
				CLANG_WARN_INT_CONVERSION = YES;
				CLANG_WARN_NON_LITERAL_NULL_CONVERSION = YES;
				CLANG_WARN_OBJC_IMPLICIT_RETAIN_SELF = YES;
				CLANG_WARN_OBJC_LITERAL_CONVERSION = YES;
				CLANG_WARN_OBJC_ROOT_CLASS = YES_ERROR;
				CLANG_WARN_QUOTED_INCLUDE_IN_FRAMEWORK_HEADER = YES;
				CLANG_WARN_RANGE_LOOP_ANALYSIS = YES;
				CLANG_WARN_STRICT_PROTOTYPES = YES;
				CLANG_WARN_SUSPICIOUS_MOVE = YES;
				CLANG_WARN_UNGUARDED_AVAILABILITY = YES_AGGRESSIVE;
				CLANG_WARN_UNREACHABLE_CODE = YES;
				CLANG_WARN__DUPLICATE_METHOD_MATCH = YES;
				COPY_PHASE_STRIP = NO;
				DEBUG_INFORMATION_FORMAT = dwarf;
				ENABLE_STRICT_OBJC_MSGSEND = YES;
				ENABLE_TESTABILITY = YES;
				ENABLE_USER_SCRIPT_SANDBOXING = YES;
				GCC_C_LANGUAGE_STANDARD = gnu17;
				GCC_DYNAMIC_NO_PIC = NO;
				GCC_NO_COMMON_BLOCKS = YES;
				GCC_OPTIMIZATION_LEVEL = 0;
				GCC_PREPROCESSOR_DEFINITIONS = (
					"DEBUG=1",
					"$(inherited)",
				);
				GCC_WARN_64_TO_32_BIT_CONVERSION = YES;
				GCC_WARN_ABOUT_RETURN_TYPE = YES_ERROR;
				GCC_WARN_UNDECLARED_SELECTOR = YES;
				GCC_WARN_UNINITIALIZED_AUTOS = YES_AGGRESSIVE;
				GCC_WARN_UNUSED_FUNCTION = YES;
				GCC_WARN_UNUSED_VARIABLE = YES;
				IPHONEOS_DEPLOYMENT_TARGET = 16.0;
				LOCALIZATION_PREFERS_STRING_CATALOGS = YES;
				MTL_ENABLE_DEBUG_INFO = INCLUDE_SOURCE;
				MTL_FAST_MATH = YES;
				ONLY_ACTIVE_ARCH = YES;
				SWIFT_ACTIVE_COMPILATION_CONDITIONS = "DEBUG $(inherited)";
				SWIFT_OPTIMIZATION_LEVEL = "-Onone";
			};
			name = Debug;
		};
		2A00000B294F4E3C00000001 /* Release */ = {
			isa = XCBuildConfiguration;
			buildSettings = {
				ALWAYS_SEARCH_USER_PATHS = NO;
				ASSETCATALOG_COMPILER_GENERATE_SWIFT_ASSET_SYMBOL_EXTENSIONS = YES;
				CLANG_ANALYZER_NONNULL = YES;
				CLANG_ANALYZER_NUMBER_OBJECT_CONVERSION = YES_AGGRESSIVE;
				CLANG_CXX_LANGUAGE_STANDARD = "gnu++20";
				CLANG_ENABLE_MODULES = YES;
				CLANG_ENABLE_OBJC_ARC = YES;
				CLANG_ENABLE_OBJC_WEAK = YES;
				CLANG_WARN_BLOCK_CAPTURE_AUTORELEASING = YES;
				CLANG_WARN_BOOL_CONVERSION = YES;
				CLANG_WARN_COMMA = YES;
				CLANG_WARN_CONSTANT_CONVERSION = YES;
				CLANG_WARN_DEPRECATED_OBJC_IMPLEMENTATIONS = YES;
				CLANG_WARN_DIRECT_OBJC_ISA_USAGE = YES_ERROR;
				CLANG_WARN_DOCUMENTATION_COMMENTS = YES;
				CLANG_WARN_EMPTY_BODY = YES;
				CLANG_WARN_ENUM_CONVERSION = YES;
				CLANG_WARN_INFINITE_RECURSION = YES;
				CLANG_WARN_INT_CONVERSION = YES;
				CLANG_WARN_NON_LITERAL_NULL_CONVERSION = YES;
				CLANG_WARN_OBJC_IMPLICIT_RETAIN_SELF = YES;
				CLANG_WARN_OBJC_LITERAL_CONVERSION = YES;
				CLANG_WARN_OBJC_ROOT_CLASS = YES_ERROR;
				CLANG_WARN_QUOTED_INCLUDE_IN_FRAMEWORK_HEADER = YES;
				CLANG_WARN_RANGE_LOOP_ANALYSIS = YES;
				CLANG_WARN_STRICT_PROTOTYPES = YES;
				CLANG_WARN_SUSPICIOUS_MOVE = YES;
				CLANG_WARN_UNGUARDED_AVAILABILITY = YES_AGGRESSIVE;
				CLANG_WARN_UNREACHABLE_CODE = YES;
				CLANG_WARN__DUPLICATE_METHOD_MATCH = YES;
				COPY_PHASE_STRIP = NO;
				DEBUG_INFORMATION_FORMAT = "dwarf-with-dsym";
				ENABLE_NS_ASSERTIONS = NO;
				ENABLE_STRICT_OBJC_MSGSEND = YES;
				ENABLE_USER_SCRIPT_SANDBOXING = YES;
				GCC_C_LANGUAGE_STANDARD = gnu17;
				GCC_NO_COMMON_BLOCKS = YES;
				GCC_WARN_64_TO_32_BIT_CONVERSION = YES;
				GCC_WARN_ABOUT_RETURN_TYPE = YES_ERROR;
				GCC_WARN_UNDECLARED_SELECTOR = YES;
				GCC_WARN_UNINITIALIZED_AUTOS = YES_AGGRESSIVE;
				GCC_WARN_UNUSED_FUNCTION = YES;
				GCC_WARN_UNUSED_VARIABLE = YES;
				IPHONEOS_DEPLOYMENT_TARGET = 16.0;
				LOCALIZATION_PREFERS_STRING_CATALOGS = YES;
				MTL_ENABLE_DEBUG_INFO = NO;
				MTL_FAST_MATH = YES;
				SWIFT_COMPILATION_MODE = wholemodule;
			};
			name = Release;
		};
		2A00000D294F4E3C00000001 /* Debug */ = {
			isa = XCBuildConfiguration;
			buildSettings = {
				ASSETCATALOG_COMPILER_APPICON_NAME = AppIcon;
				ASSETCATALOG_COMPILER_GLOBAL_ACCENT_COLOR_NAME = AccentColor;
				CODE_SIGN_ENTITLEMENTS = ClaudeAgentHub/ClaudeAgentHub.entitlements;
				CODE_SIGN_IDENTITY = "Apple Development";
				CODE_SIGN_STYLE = Automatic;
				CURRENT_PROJECT_VERSION = 1;
				DEVELOPMENT_ASSET_PATHS = "\"ClaudeAgentHub/Preview Content\"";
				DEVELOPMENT_TEAM = WUK7X9YJF5;
				ENABLE_HARDENED_RUNTIME = YES;
				ENABLE_PREVIEWS = YES;
				GENERATE_INFOPLIST_FILE = YES;
				INFOPLIST_KEY_CFBundleDisplayName = "Claude Agent Hub";
				INFOPLIST_KEY_LSApplicationCategoryType = "public.app-category.productivity";
				INFOPLIST_KEY_UIApplicationSceneManifest_Generation = YES;
				INFOPLIST_KEY_UIApplicationSupportsIndirectInputEvents = YES;
				INFOPLIST_KEY_UILaunchScreen_Generation = YES;
				"INFOPLIST_KEY_UIRequiredDeviceCapabilities[sdk=iphoneos*]" = armv7;
				"INFOPLIST_KEY_UIStatusBarStyle[sdk=iphoneos*]" = UIStatusBarStyleDefault;
				"INFOPLIST_KEY_UIStatusBarStyle[sdk=iphonesimulator*]" = UIStatusBarStyleDefault;
				INFOPLIST_KEY_UISupportedInterfaceOrientations_iPad = "UIInterfaceOrientationPortrait UIInterfaceOrientationPortraitUpsideDown UIInterfaceOrientationLandscapeLeft UIInterfaceOrientationLandscapeRight";
				INFOPLIST_KEY_UISupportedInterfaceOrientations_iPhone = "UIInterfaceOrientationPortrait UIInterfaceOrientationLandscapeLeft UIInterfaceOrientationLandscapeRight";
				IPHONEOS_DEPLOYMENT_TARGET = 16.0;
				LD_RUNPATH_SEARCH_PATHS = (
					"$(inherited)",
					"@executable_path/Frameworks",
				);
				MARKETING_VERSION = 1.0;
				PRODUCT_BUNDLE_IDENTIFIER = com.claudeagenthub.app;
				PRODUCT_NAME = "$(TARGET_NAME)";
				PROVISIONING_PROFILE_SPECIFIER = "";
				SDKROOT = iphoneos;
				SUPPORTED_PLATFORMS = "iphoneos iphonesimulator";
				SUPPORTS_MACCATALYST = NO;
				SUPPORTS_MAC_DESIGNED_FOR_IPHONE_IPAD = NO;
				SUPPORTS_XR_DESIGNED_FOR_IPHONE_IPAD = NO;
				SWIFT_EMIT_LOC_STRINGS = YES;
				SWIFT_VERSION = 5.0;
				TARGETED_DEVICE_FAMILY = "1,2";
			};
			name = Debug;
		};
		2A00000E294F4E3C00000001 /* Release */ = {
			isa = XCBuildConfiguration;
			buildSettings = {
				ASSETCATALOG_COMPILER_APPICON_NAME = AppIcon;
				ASSETCATALOG_COMPILER_GLOBAL_ACCENT_COLOR_NAME = AccentColor;
				CODE_SIGN_ENTITLEMENTS = ClaudeAgentHub/ClaudeAgentHub.entitlements;
				CODE_SIGN_IDENTITY = "Apple Development";
				CODE_SIGN_STYLE = Automatic;
				CURRENT_PROJECT_VERSION = 1;
				DEVELOPMENT_ASSET_PATHS = "\"ClaudeAgentHub/Preview Content\"";
				DEVELOPMENT_TEAM = WUK7X9YJF5;
				ENABLE_HARDENED_RUNTIME = YES;
				ENABLE_PREVIEWS = YES;
				GENERATE_INFOPLIST_FILE = YES;
				INFOPLIST_KEY_CFBundleDisplayName = "Claude Agent Hub";
				INFOPLIST_KEY_LSApplicationCategoryType = "public.app-category.productivity";
				INFOPLIST_KEY_UIApplicationSceneManifest_Generation = YES;
				INFOPLIST_KEY_UIApplicationSupportsIndirectInputEvents = YES;
				INFOPLIST_KEY_UILaunchScreen_Generation = YES;
				"INFOPLIST_KEY_UIRequiredDeviceCapabilities[sdk=iphoneos*]" = armv7;
				"INFOPLIST_KEY_UIStatusBarStyle[sdk=iphoneos*]" = UIStatusBarStyleDefault;
				"INFOPLIST_KEY_UIStatusBarStyle[sdk=iphonesimulator*]" = UIStatusBarStyleDefault;
				INFOPLIST_KEY_UISupportedInterfaceOrientations_iPad = "UIInterfaceOrientationPortrait UIInterfaceOrientationPortraitUpsideDown UIInterfaceOrientationLandscapeLeft UIInterfaceOrientationLandscapeRight";
				INFOPLIST_KEY_UISupportedInterfaceOrientations_iPhone = "UIInterfaceOrientationPortrait UIInterfaceOrientationLandscapeLeft UIInterfaceOrientationLandscapeRight";
				IPHONEOS_DEPLOYMENT_TARGET = 16.0;
				LD_RUNPATH_SEARCH_PATHS = (
					"$(inherited)",
					"@executable_path/Frameworks",
				);
				MARKETING_VERSION = 1.0;
				PRODUCT_BUNDLE_IDENTIFIER = com.claudeagenthub.app;
				PRODUCT_NAME = "$(TARGET_NAME)";
				PROVISIONING_PROFILE_SPECIFIER = "";
				SDKROOT = iphoneos;
				SUPPORTED_PLATFORMS = "iphoneos iphonesimulator";
				SUPPORTS_MACCATALYST = NO;
				SUPPORTS_MAC_DESIGNED_FOR_IPHONE_IPAD = NO;
				SUPPORTS_XR_DESIGNED_FOR_IPHONE_IPAD = NO;
				SWIFT_EMIT_LOC_STRINGS = YES;
				SWIFT_VERSION = 5.0;
				TARGETED_DEVICE_FAMILY = "1,2";
				VALIDATE_PRODUCT = YES;
			};
			name = Release;
		};
/* End XCBuildConfiguration section */

/* Begin XCConfigurationList section */
		2A00000C294F4E3C00000002 /* Build configuration list for PBXNativeTarget "ClaudeAgentHub" */ = {
			isa = XCConfigurationList;
			buildConfigurations = (
				2A00000D294F4E3C00000001 /* Debug */,
				2A00000E294F4E3C00000001 /* Release */,
			);
			defaultConfigurationIsVisible = 0;
			defaultConfigurationName = Release;
		};
		2AFFFFF9294F4E3B00000001 /* Build configuration list for PBXProject "ClaudeAgentHub" */ = {
			isa = XCConfigurationList;
			buildConfigurations = (
				2A00000A294F4E3C00000001 /* Debug */,
				2A00000B294F4E3C00000001 /* Release */,
			);
			defaultConfigurationIsVisible = 0;
			defaultConfigurationName = Release;
		};
/* End XCConfigurationList section */
	};
	rootObject = 2AFFFFF6294F4E3B00000001 /* Project object */;
}
